
Microsoft Visual Studio Solution File, Format Version 12.00
# Visual Studio Version 16
VisualStudioVersion = 16.0.30503.244
MinimumVisualStudioVersion = 10.0.40219.1
Project("{FAE04EC0-301F-11D3-BF4B-00C04F79EFBC}") = "VeritabaniFinal", "VeritabaniFinal\VeritabaniFinal.csproj", "{6BA2E0E6-1664-4D74-BBFB-0FF197290301}"
EndProject
Global
	GlobalSection(SolutionConfigurationPlatforms) = preSolution
		Debug|Any CPU = Debug|Any CPU
		Release|Any CPU = Release|Any CPU
	EndGlobalSection
	GlobalSection(ProjectConfigurationPlatforms) = postSolution
		{6BA2E0E6-1664-4D74-BBFB-0FF197290301}.Debug|Any CPU.ActiveCfg = Debug|Any CPU
		{6BA2E0E6-1664-4D74-BBFB-0FF197290301}.Debug|Any CPU.Build.0 = Debug|Any CPU
		{6BA2E0E6-1664-4D74-BBFB-0FF197290301}.Release|Any CPU.ActiveCfg = Release|Any CPU
		{6BA2E0E6-1664-4D74-BBFB-0FF197290301}.Release|Any CPU.Build.0 = Release|Any CPU
	EndGlobalSection
	GlobalSection(SolutionProperties) = preSolution
		HideSolutionNode = FALSE
	EndGlobalSection
	GlobalSection(ExtensibilityGlobals) = postSolution
		SolutionGuid = {969EDCBA-319E-4D86-86DF-1B4147F86E96}
	EndGlobalSection
EndGlobal
